// !$*UTF8*$!
{
	archiveVersion = 1;
	classes = {
	};
	objectVersion = 48;
	objects = {

/* Begin PBXBuildFile section */
		2615652C207B5EB6000501AD /* fakeLocation.gpx in Resources */ = {isa = PBXBuildFile; fileRef = 2615652B207B5EB6000501AD /* fakeLocation.gpx */; };
		2615652E207B69AD000501AD /* OwnPin.swift in Sources */ = {isa = PBXBuildFile; fileRef = 2615652D207B69AD000501AD /* OwnPin.swift */; };
		2624270420A17A1F00F4A0D1 /* GraphViewController.swift in Sources */ = {isa = PBXBuildFile; fileRef = 2624270320A17A1F00F4A0D1 /* GraphViewController.swift */; };
		2624270620A17D1400F4A0D1 /* test2.geojson in Resources */ = {isa = PBXBuildFile; fileRef = 2624270520A17D1400F4A0D1 /* test2.geojson */; };
		262FF1982087328100FADA96 /* WeatherServer.swift in Sources */ = {isa = PBXBuildFile; fileRef = 262FF1972087328100FADA96 /* WeatherServer.swift */; };
		263C09EB208F589800551BF5 /* Colors.xcassets in Resources */ = {isa = PBXBuildFile; fileRef = 263C09EA208F589800551BF5 /* Colors.xcassets */; };
		263D30372063E533005BFE8F /* AppDelegate.swift in Sources */ = {isa = PBXBuildFile; fileRef = 263D30362063E533005BFE8F /* AppDelegate.swift */; };
		263D30392063E533005BFE8F /* ViewController.swift in Sources */ = {isa = PBXBuildFile; fileRef = 263D30382063E533005BFE8F /* ViewController.swift */; };
		263D303C2063E533005BFE8F /* Main.storyboard in Resources */ = {isa = PBXBuildFile; fileRef = 263D303A2063E533005BFE8F /* Main.storyboard */; };
		263D303E2063E534005BFE8F /* Assets.xcassets in Resources */ = {isa = PBXBuildFile; fileRef = 263D303D2063E534005BFE8F /* Assets.xcassets */; };
		263D30412063E534005BFE8F /* LaunchScreen.storyboard in Resources */ = {isa = PBXBuildFile; fileRef = 263D303F2063E534005BFE8F /* LaunchScreen.storyboard */; };
		264DDC832080E75200493734 /* image1.jpeg in Resources */ = {isa = PBXBuildFile; fileRef = 264DDC822080E75200493734 /* image1.jpeg */; };
		269437F0207CD55400728DEA /* TopWeatherDataVC.swift in Sources */ = {isa = PBXBuildFile; fileRef = 269437EF207CD55400728DEA /* TopWeatherDataVC.swift */; };
		269BF574207E1C62008DED4C /* Reachability.swift in Sources */ = {isa = PBXBuildFile; fileRef = 269BF573207E1C62008DED4C /* Reachability.swift */; };
		26ABC2562091C9A500A2AC39 /* noBlight.png in Resources */ = {isa = PBXBuildFile; fileRef = 26ABC2532091C9A400A2AC39 /* noBlight.png */; };
		26ABC2572091C9A500A2AC39 /* warningBlight.png in Resources */ = {isa = PBXBuildFile; fileRef = 26ABC2542091C9A400A2AC39 /* warningBlight.png */; };
		26ABC2582091C9A500A2AC39 /* blight.png in Resources */ = {isa = PBXBuildFile; fileRef = 26ABC2552091C9A500A2AC39 /* blight.png */; };
		26ABC25A2091D1CC00A2AC39 /* MapViewController.swift in Sources */ = {isa = PBXBuildFile; fileRef = 26ABC2592091D1CC00A2AC39 /* MapViewController.swift */; };
		26D2556E209B280E00400733 /* test.geojson in Resources */ = {isa = PBXBuildFile; fileRef = 26D2556D209B280E00400733 /* test.geojson */; };
		26D8E4A12073740900B69962 /* AlertTableViewCell.swift in Sources */ = {isa = PBXBuildFile; fileRef = 26D8E4A02073740900B69962 /* AlertTableViewCell.swift */; };
		26D8E4A32073847F00B69962 /* NewsTableViewCell.swift in Sources */ = {isa = PBXBuildFile; fileRef = 26D8E4A22073847F00B69962 /* NewsTableViewCell.swift */; };
		26D8E4A520738C6000B69962 /* AlertViewController.swift in Sources */ = {isa = PBXBuildFile; fileRef = 26D8E4A420738C6000B69962 /* AlertViewController.swift */; };
		26D8E4A720738C6E00B69962 /* NewsViewController.swift in Sources */ = {isa = PBXBuildFile; fileRef = 26D8E4A620738C6E00B69962 /* NewsViewController.swift */; };
		854F6C107575894D46E97D6E /* Pods_IBMBlight.framework in Frameworks */ = {isa = PBXBuildFile; fileRef = 7679362CE38592F5F95F6456 /* Pods_IBMBlight.framework */; };
/* End PBXBuildFile section */

/* Begin PBXFileReference section */
		2615652B207B5EB6000501AD /* fakeLocation.gpx */ = {isa = PBXFileReference; lastKnownFileType = text.xml; path = fakeLocation.gpx; sourceTree = "<group>"; };
		2615652D207B69AD000501AD /* OwnPin.swift */ = {isa = PBXFileReference; lastKnownFileType = sourcecode.swift; path = OwnPin.swift; sourceTree = "<group>"; };
		2624270320A17A1F00F4A0D1 /* GraphViewController.swift */ = {isa = PBXFileReference; lastKnownFileType = sourcecode.swift; path = GraphViewController.swift; sourceTree = "<group>"; };
		2624270520A17D1400F4A0D1 /* test2.geojson */ = {isa = PBXFileReference; lastKnownFileType = text; path = test2.geojson; sourceTree = "<group>"; };
		262FF1972087328100FADA96 /* WeatherServer.swift */ = {isa = PBXFileReference; lastKnownFileType = sourcecode.swift; path = WeatherServer.swift; sourceTree = "<group>"; };
		263C09EA208F589800551BF5 /* Colors.xcassets */ = {isa = PBXFileReference; lastKnownFileType = folder.assetcatalog; path = Colors.xcassets; sourceTree = "<group>"; };
		263D30332063E533005BFE8F /* IBMBlight.app */ = {isa = PBXFileReference; explicitFileType = wrapper.application; includeInIndex = 0; path = IBMBlight.app; sourceTree = BUILT_PRODUCTS_DIR; };
		263D30362063E533005BFE8F /* AppDelegate.swift */ = {isa = PBXFileReference; lastKnownFileType = sourcecode.swift; path = AppDelegate.swift; sourceTree = "<group>"; };
		263D30382063E533005BFE8F /* ViewController.swift */ = {isa = PBXFileReference; lastKnownFileType = sourcecode.swift; path = ViewController.swift; sourceTree = "<group>"; };
		263D303B2063E533005BFE8F /* Base */ = {isa = PBXFileReference; lastKnownFileType = file.storyboard; name = Base; path = Base.lproj/Main.storyboard; sourceTree = "<group>"; };
		263D303D2063E534005BFE8F /* Assets.xcassets */ = {isa = PBXFileReference; lastKnownFileType = folder.assetcatalog; path = Assets.xcassets; sourceTree = "<group>"; };
		263D30402063E534005BFE8F /* Base */ = {isa = PBXFileReference; lastKnownFileType = file.storyboard; name = Base; path = Base.lproj/LaunchScreen.storyboard; sourceTree = "<group>"; };
		263D30422063E534005BFE8F /* Info.plist */ = {isa = PBXFileReference; lastKnownFileType = text.plist.xml; path = Info.plist; sourceTree = "<group>"; };
		264DDC822080E75200493734 /* image1.jpeg */ = {isa = PBXFileReference; lastKnownFileType = image.jpeg; path = image1.jpeg; sourceTree = "<group>"; };
		269437EF207CD55400728DEA /* TopWeatherDataVC.swift */ = {isa = PBXFileReference; lastKnownFileType = sourcecode.swift; path = TopWeatherDataVC.swift; sourceTree = "<group>"; };
		269BF573207E1C62008DED4C /* Reachability.swift */ = {isa = PBXFileReference; lastKnownFileType = sourcecode.swift; path = Reachability.swift; sourceTree = "<group>"; };
		26ABC2532091C9A400A2AC39 /* noBlight.png */ = {isa = PBXFileReference; lastKnownFileType = image.png; path = noBlight.png; sourceTree = "<group>"; };
		26ABC2542091C9A400A2AC39 /* warningBlight.png */ = {isa = PBXFileReference; lastKnownFileType = image.png; path = warningBlight.png; sourceTree = "<group>"; };
		26ABC2552091C9A500A2AC39 /* blight.png */ = {isa = PBXFileReference; lastKnownFileType = image.png; path = blight.png; sourceTree = "<group>"; };
		26ABC2592091D1CC00A2AC39 /* MapViewController.swift */ = {isa = PBXFileReference; lastKnownFileType = sourcecode.swift; path = MapViewController.swift; sourceTree = "<group>"; };
		26D2556D209B280E00400733 /* test.geojson */ = {isa = PBXFileReference; lastKnownFileType = text; path = test.geojson; sourceTree = "<group>"; };
		26D8E4A02073740900B69962 /* AlertTableViewCell.swift */ = {isa = PBXFileReference; lastKnownFileType = sourcecode.swift; path = AlertTableViewCell.swift; sourceTree = "<group>"; };
		26D8E4A22073847F00B69962 /* NewsTableViewCell.swift */ = {isa = PBXFileReference; lastKnownFileType = sourcecode.swift; path = NewsTableViewCell.swift; sourceTree = "<group>"; };
		26D8E4A420738C6000B69962 /* AlertViewController.swift */ = {isa = PBXFileReference; lastKnownFileType = sourcecode.swift; path = AlertViewController.swift; sourceTree = "<group>"; };
		26D8E4A620738C6E00B69962 /* NewsViewController.swift */ = {isa = PBXFileReference; lastKnownFileType = sourcecode.swift; path = NewsViewController.swift; sourceTree = "<group>"; };
		28F4D5D69094BD2F49C29023 /* Pods-IBMBlight.release.xcconfig */ = {isa = PBXFileReference; includeInIndex = 1; lastKnownFileType = text.xcconfig; name = "Pods-IBMBlight.release.xcconfig"; path = "Pods/Target Support Files/Pods-IBMBlight/Pods-IBMBlight.release.xcconfig"; sourceTree = "<group>"; };
		69ED3C9779BA0C61EE4B74AD /* Pods-IBMBlight.debug.xcconfig */ = {isa = PBXFileReference; includeInIndex = 1; lastKnownFileType = text.xcconfig; name = "Pods-IBMBlight.debug.xcconfig"; path = "Pods/Target Support Files/Pods-IBMBlight/Pods-IBMBlight.debug.xcconfig"; sourceTree = "<group>"; };
		7679362CE38592F5F95F6456 /* Pods_IBMBlight.framework */ = {isa = PBXFileReference; explicitFileType = wrapper.framework; includeInIndex = 0; path = Pods_IBMBlight.framework; sourceTree = BUILT_PRODUCTS_DIR; };
/* End PBXFileReference section */

/* Begin PBXFrameworksBuildPhase section */
		263D30302063E533005BFE8F /* Frameworks */ = {
			isa = PBXFrameworksBuildPhase;
			buildActionMask = 2147483647;
			files = (
				854F6C107575894D46E97D6E /* Pods_IBMBlight.framework in Frameworks */,
			);
			runOnlyForDeploymentPostprocessing = 0;
		};
/* End PBXFrameworksBuildPhase section */

/* Begin PBXGroup section */
		263D302A2063E533005BFE8F = {
			isa = PBXGroup;
			children = (
				263D30352063E533005BFE8F /* IBMBlight */,
				263D30342063E533005BFE8F /* Products */,
				CD9E9B0C1D40D9F2A54BA321 /* Pods */,
				A4D1B0C09DE0676280AC6C52 /* Frameworks */,
			);
			sourceTree = "<group>";
		};
		263D30342063E533005BFE8F /* Products */ = {
			isa = PBXGroup;
			children = (
				263D30332063E533005BFE8F /* IBMBlight.app */,
			);
			name = Products;
			sourceTree = "<group>";
		};
		263D30352063E533005BFE8F /* IBMBlight */ = {
			isa = PBXGroup;
			children = (
				26ABC2592091D1CC00A2AC39 /* MapViewController.swift */,
				26D2556D209B280E00400733 /* test.geojson */,
				2624270520A17D1400F4A0D1 /* test2.geojson */,
				264DDC822080E75200493734 /* image1.jpeg */,
				263D30362063E533005BFE8F /* AppDelegate.swift */,
				263D30382063E533005BFE8F /* ViewController.swift */,
				262FF1972087328100FADA96 /* WeatherServer.swift */,
				269BF573207E1C62008DED4C /* Reachability.swift */,
				26D8E4A420738C6000B69962 /* AlertViewController.swift */,
				26D8E4A02073740900B69962 /* AlertTableViewCell.swift */,
				26D8E4A620738C6E00B69962 /* NewsViewController.swift */,
				26D8E4A22073847F00B69962 /* NewsTableViewCell.swift */,
				263D303A2063E533005BFE8F /* Main.storyboard */,
				2624270320A17A1F00F4A0D1 /* GraphViewController.swift */,
				263C09EA208F589800551BF5 /* Colors.xcassets */,
				269437EF207CD55400728DEA /* TopWeatherDataVC.swift */,
				263D303D2063E534005BFE8F /* Assets.xcassets */,
				263D303F2063E534005BFE8F /* LaunchScreen.storyboard */,
				263D30422063E534005BFE8F /* Info.plist */,
				2615652B207B5EB6000501AD /* fakeLocation.gpx */,
				2615652D207B69AD000501AD /* OwnPin.swift */,
				26ABC2552091C9A500A2AC39 /* blight.png */,
				26ABC2532091C9A400A2AC39 /* noBlight.png */,
				26ABC2542091C9A400A2AC39 /* warningBlight.png */,
			);
			path = IBMBlight;
			sourceTree = "<group>";
		};
		A4D1B0C09DE0676280AC6C52 /* Frameworks */ = {
			isa = PBXGroup;
			children = (
				7679362CE38592F5F95F6456 /* Pods_IBMBlight.framework */,
			);
			name = Frameworks;
			sourceTree = "<group>";
		};
		CD9E9B0C1D40D9F2A54BA321 /* Pods */ = {
			isa = PBXGroup;
			children = (
				69ED3C9779BA0C61EE4B74AD /* Pods-IBMBlight.debug.xcconfig */,
				28F4D5D69094BD2F49C29023 /* Pods-IBMBlight.release.xcconfig */,
			);
			name = Pods;
			sourceTree = "<group>";
		};
/* End PBXGroup section */

/* Begin PBXNativeTarget section */
		263D30322063E533005BFE8F /* IBMBlight */ = {
			isa = PBXNativeTarget;
			buildConfigurationList = 263D30452063E534005BFE8F /* Build configuration list for PBXNativeTarget "IBMBlight" */;
			buildPhases = (
				261AB861F04478D17E9EE506 /* [CP] Check Pods Manifest.lock */,
				263D302F2063E533005BFE8F /* Sources */,
				263D30302063E533005BFE8F /* Frameworks */,
				263D30312063E533005BFE8F /* Resources */,
				462DF6D283DE779E78253027 /* [CP] Embed Pods Frameworks */,
			);
			buildRules = (
			);
			dependencies = (
			);
			name = IBMBlight;
			productName = IBMBlight;
			productReference = 263D30332063E533005BFE8F /* IBMBlight.app */;
			productType = "com.apple.product-type.application";
		};
/* End PBXNativeTarget section */

/* Begin PBXProject section */
		263D302B2063E533005BFE8F /* Project object */ = {
			isa = PBXProject;
			attributes = {
				LastSwiftUpdateCheck = 0920;
				LastUpgradeCheck = 0920;
				ORGANIZATIONNAME = "Daniel T. Barwén";
				TargetAttributes = {
					263D30322063E533005BFE8F = {
						CreatedOnToolsVersion = 9.2;
						ProvisioningStyle = Automatic;
					};
				};
			};
			buildConfigurationList = 263D302E2063E533005BFE8F /* Build configuration list for PBXProject "IBMBlight" */;
			compatibilityVersion = "Xcode 8.0";
			developmentRegion = en;
			hasScannedForEncodings = 0;
			knownRegions = (
				en,
				Base,
			);
			mainGroup = 263D302A2063E533005BFE8F;
			productRefGroup = 263D30342063E533005BFE8F /* Products */;
			projectDirPath = "";
			projectRoot = "";
			targets = (
				263D30322063E533005BFE8F /* IBMBlight */,
			);
		};
/* End PBXProject section */

/* Begin PBXResourcesBuildPhase section */
		263D30312063E533005BFE8F /* Resources */ = {
			isa = PBXResourcesBuildPhase;
			buildActionMask = 2147483647;
			files = (
				263D30412063E534005BFE8F /* LaunchScreen.storyboard in Resources */,
				2615652C207B5EB6000501AD /* fakeLocation.gpx in Resources */,
				263D303E2063E534005BFE8F /* Assets.xcassets in Resources */,
				26ABC2562091C9A500A2AC39 /* noBlight.png in Resources */,
				26ABC2572091C9A500A2AC39 /* warningBlight.png in Resources */,
				263C09EB208F589800551BF5 /* Colors.xcassets in Resources */,
				2624270620A17D1400F4A0D1 /* test2.geojson in Resources */,
				264DDC832080E75200493734 /* image1.jpeg in Resources */,
				26D2556E209B280E00400733 /* test.geojson in Resources */,
				26ABC2582091C9A500A2AC39 /* blight.png in Resources */,
				263D303C2063E533005BFE8F /* Main.storyboard in Resources */,
			);
			runOnlyForDeploymentPostprocessing = 0;
		};
/* End PBXResourcesBuildPhase section */

/* Begin PBXShellScriptBuildPhase section */
		261AB861F04478D17E9EE506 /* [CP] Check Pods Manifest.lock */ = {
			isa = PBXShellScriptBuildPhase;
			buildActionMask = 2147483647;
			files = (
			);
			inputPaths = (
				"${PODS_PODFILE_DIR_PATH}/Podfile.lock",
				"${PODS_ROOT}/Manifest.lock",
			);
			name = "[CP] Check Pods Manifest.lock";
			outputPaths = (
				"$(DERIVED_FILE_DIR)/Pods-IBMBlight-checkManifestLockResult.txt",
			);
			runOnlyForDeploymentPostprocessing = 0;
			shellPath = /bin/sh;
			shellScript = "diff \"${PODS_PODFILE_DIR_PATH}/Podfile.lock\" \"${PODS_ROOT}/Manifest.lock\" > /dev/null\nif [ $? != 0 ] ; then\n    # print error to STDERR\n    echo \"error: The sandbox is not in sync with the Podfile.lock. Run 'pod install' or update your CocoaPods installation.\" >&2\n    exit 1\nfi\n# This output is used by Xcode 'outputs' to avoid re-running this script phase.\necho \"SUCCESS\" > \"${SCRIPT_OUTPUT_FILE_0}\"\n";
			showEnvVarsInLog = 0;
		};
		462DF6D283DE779E78253027 /* [CP] Embed Pods Frameworks */ = {
			isa = PBXShellScriptBuildPhase;
			buildActionMask = 2147483647;
			files = (
			);
			inputPaths = (
				"${SRCROOT}/Pods/Target Support Files/Pods-IBMBlight/Pods-IBMBlight-frameworks.sh",
				"${BUILT_PRODUCTS_DIR}/Alamofire/Alamofire.framework",
				"${BUILT_PRODUCTS_DIR}/Charts/Charts.framework",
			);
			name = "[CP] Embed Pods Frameworks";
			outputPaths = (
				"${TARGET_BUILD_DIR}/${FRAMEWORKS_FOLDER_PATH}/Alamofire.framework",
				"${TARGET_BUILD_DIR}/${FRAMEWORKS_FOLDER_PATH}/Charts.framework",
			);
			runOnlyForDeploymentPostprocessing = 0;
			shellPath = /bin/sh;
			shellScript = "\"${SRCROOT}/Pods/Target Support Files/Pods-IBMBlight/Pods-IBMBlight-frameworks.sh\"\n";
			showEnvVarsInLog = 0;
		};
/* End PBXShellScriptBuildPhase section */

/* Begin PBXSourcesBuildPhase section */
		263D302F2063E533005BFE8F /* Sources */ = {
			isa = PBXSourcesBuildPhase;
			buildActionMask = 2147483647;
			files = (
				26ABC25A2091D1CC00A2AC39 /* MapViewController.swift in Sources */,
				263D30392063E533005BFE8F /* ViewController.swift in Sources */,
				262FF1982087328100FADA96 /* WeatherServer.swift in Sources */,
				26D8E4A520738C6000B69962 /* AlertViewController.swift in Sources */,
				2615652E207B69AD000501AD /* OwnPin.swift in Sources */,
				269437F0207CD55400728DEA /* TopWeatherDataVC.swift in Sources */,
				26D8E4A32073847F00B69962 /* NewsTableViewCell.swift in Sources */,
				269BF574207E1C62008DED4C /* Reachability.swift in Sources */,
				26D8E4A720738C6E00B69962 /* NewsViewController.swift in Sources */,
				2624270420A17A1F00F4A0D1 /* GraphViewController.swift in Sources */,
				26D8E4A12073740900B69962 /* AlertTableViewCell.swift in Sources */,
				263D30372063E533005BFE8F /* AppDelegate.swift in Sources */,
			);
			runOnlyForDeploymentPostprocessing = 0;
		};
/* End PBXSourcesBuildPhase section */

/* Begin PBXVariantGroup section */
		263D303A2063E533005BFE8F /* Main.storyboard */ = {
			isa = PBXVariantGroup;
			children = (
				263D303B2063E533005BFE8F /* Base */,
			);
			name = Main.storyboard;
			sourceTree = "<group>";
		};
		263D303F2063E534005BFE8F /* LaunchScreen.storyboard */ = {
			isa = PBXVariantGroup;
			children = (
				263D30402063E534005BFE8F /* Base */,
			);
			name = LaunchScreen.storyboard;
			sourceTree = "<group>";
		};
/* End PBXVariantGroup section */

/* Begin XCBuildConfiguration section */
		263D30432063E534005BFE8F /* Debug */ = {
			isa = XCBuildConfiguration;
			buildSettings = {
				ALWAYS_SEARCH_USER_PATHS = NO;
				CLANG_ANALYZER_NONNULL = YES;
				CLANG_ANALYZER_NUMBER_OBJECT_CONVERSION = YES_AGGRESSIVE;
				CLANG_CXX_LANGUAGE_STANDARD = "gnu++14";
				CLANG_CXX_LIBRARY = "libc++";
				CLANG_ENABLE_MODULES = YES;
				CLANG_ENABLE_OBJC_ARC = YES;
				CLANG_WARN_BLOCK_CAPTURE_AUTORELEASING = YES;
				CLANG_WARN_BOOL_CONVERSION = YES;
				CLANG_WARN_COMMA = YES;
				CLANG_WARN_CONSTANT_CONVERSION = YES;
				CLANG_WARN_DIRECT_OBJC_ISA_USAGE = YES_ERROR;
				CLANG_WARN_DOCUMENTATION_COMMENTS = YES;
				CLANG_WARN_EMPTY_BODY = YES;
				CLANG_WARN_ENUM_CONVERSION = YES;
				CLANG_WARN_INFINITE_RECURSION = YES;
				CLANG_WARN_INT_CONVERSION = YES;
				CLANG_WARN_NON_LITERAL_NULL_CONVERSION = YES;
				CLANG_WARN_OBJC_LITERAL_CONVERSION = YES;
				CLANG_WARN_OBJC_ROOT_CLASS = YES_ERROR;
				CLANG_WARN_RANGE_LOOP_ANALYSIS = YES;
				CLANG_WARN_STRICT_PROTOTYPES = YES;
				CLANG_WARN_SUSPICIOUS_MOVE = YES;
				CLANG_WARN_UNGUARDED_AVAILABILITY = YES_AGGRESSIVE;
				CLANG_WARN_UNREACHABLE_CODE = YES;
				CLANG_WARN__DUPLICATE_METHOD_MATCH = YES;
				CODE_SIGN_IDENTITY = "iPhone Developer";
				COPY_PHASE_STRIP = NO;
				DEBUG_INFORMATION_FORMAT = dwarf;
				ENABLE_STRICT_OBJC_MSGSEND = YES;
				ENABLE_TESTABILITY = YES;
				GCC_C_LANGUAGE_STANDARD = gnu11;
				GCC_DYNAMIC_NO_PIC = NO;
				GCC_NO_COMMON_BLOCKS = YES;
				GCC_OPTIMIZATION_LEVEL = 0;
				GCC_PREPROCESSOR_DEFINITIONS = (
					"DEBUG=1",
					"$(inherited)",
				);
				GCC_WARN_64_TO_32_BIT_CONVERSION = YES;
				GCC_WARN_ABOUT_RETURN_TYPE = YES_ERROR;
				GCC_WARN_UNDECLARED_SELECTOR = YES;
				GCC_WARN_UNINITIALIZED_AUTOS = YES_AGGRESSIVE;
				GCC_WARN_UNUSED_FUNCTION = YES;
				GCC_WARN_UNUSED_VARIABLE = YES;
				IPHONEOS_DEPLOYMENT_TARGET = 11.2;
				MTL_ENABLE_DEBUG_INFO = YES;
				ONLY_ACTIVE_ARCH = YES;
				SDKROOT = iphoneos;
				SWIFT_ACTIVE_COMPILATION_CONDITIONS = DEBUG;
				SWIFT_OPTIMIZATION_LEVEL = "-Onone";
			};
			name = Debug;
		};
		263D30442063E534005BFE8F /* Release */ = {
			isa = XCBuildConfiguration;
			buildSettings = {
				ALWAYS_SEARCH_USER_PATHS = NO;
				CLANG_ANALYZER_NONNULL = YES;
				CLANG_ANALYZER_NUMBER_OBJECT_CONVERSION = YES_AGGRESSIVE;
				CLANG_CXX_LANGUAGE_STANDARD = "gnu++14";
				CLANG_CXX_LIBRARY = "libc++";
				CLANG_ENABLE_MODULES = YES;
				CLANG_ENABLE_OBJC_ARC = YES;
				CLANG_WARN_BLOCK_CAPTURE_AUTORELEASING = YES;
				CLANG_WARN_BOOL_CONVERSION = YES;
				CLANG_WARN_COMMA = YES;
				CLANG_WARN_CONSTANT_CONVERSION = YES;
				CLANG_WARN_DIRECT_OBJC_ISA_USAGE = YES_ERROR;
				CLANG_WARN_DOCUMENTATION_COMMENTS = YES;
				CLANG_WARN_EMPTY_BODY = YES;
				CLANG_WARN_ENUM_CONVERSION = YES;
				CLANG_WARN_INFINITE_RECURSION = YES;
				CLANG_WARN_INT_CONVERSION = YES;
				CLANG_WARN_NON_LITERAL_NULL_CONVERSION = YES;
				CLANG_WARN_OBJC_LITERAL_CONVERSION = YES;
				CLANG_WARN_OBJC_ROOT_CLASS = YES_ERROR;
				CLANG_WARN_RANGE_LOOP_ANALYSIS = YES;
				CLANG_WARN_STRICT_PROTOTYPES = YES;
				CLANG_WARN_SUSPICIOUS_MOVE = YES;
				CLANG_WARN_UNGUARDED_AVAILABILITY = YES_AGGRESSIVE;
				CLANG_WARN_UNREACHABLE_CODE = YES;
				CLANG_WARN__DUPLICATE_METHOD_MATCH = YES;
				CODE_SIGN_IDENTITY = "iPhone Developer";
				COPY_PHASE_STRIP = NO;
				DEBUG_INFORMATION_FORMAT = "dwarf-with-dsym";
				ENABLE_NS_ASSERTIONS = NO;
				ENABLE_STRICT_OBJC_MSGSEND = YES;
				GCC_C_LANGUAGE_STANDARD = gnu11;
				GCC_NO_COMMON_BLOCKS = YES;
				GCC_WARN_64_TO_32_BIT_CONVERSION = YES;
				GCC_WARN_ABOUT_RETURN_TYPE = YES_ERROR;
				GCC_WARN_UNDECLARED_SELECTOR = YES;
				GCC_WARN_UNINITIALIZED_AUTOS = YES_AGGRESSIVE;
				GCC_WARN_UNUSED_FUNCTION = YES;
				GCC_WARN_UNUSED_VARIABLE = YES;
				IPHONEOS_DEPLOYMENT_TARGET = 11.2;
				MTL_ENABLE_DEBUG_INFO = NO;
				SDKROOT = iphoneos;
				SWIFT_OPTIMIZATION_LEVEL = "-Owholemodule";
				VALIDATE_PRODUCT = YES;
			};
			name = Release;
		};
		263D30462063E534005BFE8F /* Debug */ = {
			isa = XCBuildConfiguration;
			baseConfigurationReference = 69ED3C9779BA0C61EE4B74AD /* Pods-IBMBlight.debug.xcconfig */;
			buildSettings = {
				ASSETCATALOG_COMPILER_APPICON_NAME = AppIcon;
				CODE_SIGN_STYLE = Automatic;
				DEVELOPMENT_TEAM = 7QWGSR322M;
				INFOPLIST_FILE = IBMBlight/Info.plist;
				IPHONEOS_DEPLOYMENT_TARGET = 11.0;
				LD_RUNPATH_SEARCH_PATHS = "$(inherited) @executable_path/Frameworks";
				PRODUCT_BUNDLE_IDENTIFIER = lllk.IBMBlight;
				PRODUCT_NAME = "$(TARGET_NAME)";
				SWIFT_VERSION = 4.0;
				TARGETED_DEVICE_FAMILY = 2;
			};
			name = Debug;
		};
		263D30472063E534005BFE8F /* Release */ = {
			isa = XCBuildConfiguration;
			baseConfigurationReference = 28F4D5D69094BD2F49C29023 /* Pods-IBMBlight.release.xcconfig */;
			buildSettings = {
				ASSETCATALOG_COMPILER_APPICON_NAME = AppIcon;
				CODE_SIGN_STYLE = Automatic;
				DEVELOPMENT_TEAM = 7QWGSR322M;
				INFOPLIST_FILE = IBMBlight/Info.plist;
				IPHONEOS_DEPLOYMENT_TARGET = 11.0;
				LD_RUNPATH_SEARCH_PATHS = "$(inherited) @executable_path/Frameworks";
				PRODUCT_BUNDLE_IDENTIFIER = lllk.IBMBlight;
				PRODUCT_NAME = "$(TARGET_NAME)";
				SWIFT_VERSION = 4.0;
				TARGETED_DEVICE_FAMILY = 2;
			};
			name = Release;
		};
/* End XCBuildConfiguration section */

/* Begin XCConfigurationList section */
		263D302E2063E533005BFE8F /* Build configuration list for PBXProject "IBMBlight" */ = {
			isa = XCConfigurationList;
			buildConfigurations = (
				263D30432063E534005BFE8F /* Debug */,
				263D30442063E534005BFE8F /* Release */,
			);
			defaultConfigurationIsVisible = 0;
			defaultConfigurationName = Release;
		};
		263D30452063E534005BFE8F /* Build configuration list for PBXNativeTarget "IBMBlight" */ = {
			isa = XCConfigurationList;
			buildConfigurations = (
				263D30462063E534005BFE8F /* Debug */,
				263D30472063E534005BFE8F /* Release */,
			);
			defaultConfigurationIsVisible = 0;
			defaultConfigurationName = Release;
		};
/* End XCConfigurationList section */
	};
	rootObject = 263D302B2063E533005BFE8F /* Project object */;
}
